
Microsoft Visual Studio Solution File, Format Version 12.00
# Visual Studio 2012
Project("{FAE04EC0-301F-11D3-BF4B-00C04F79EFBC}") = "INSAWars", "INSAWars.csproj", "{760BFA8F-5773-417B-B9C0-00951B4085FD}"
EndProject
Project("{F088123C-0E9E-452A-89E6-6BA2F21D5CAC}") = "Modeling", "Modeling\Modeling.modelproj", "{14ADFFA2-B173-4697-BA73-5D2DD32A7E75}"
EndProject
Project("{8BC9CEB8-8B4A-11D0-8D11-00A0C91BC942}") = "INSALib", "INSALib\INSALib.vcxproj", "{97CACB1A-F808-4A30-930C-6B42B56B5998}"
EndProject
Project("{8BC9CEB8-8B4A-11D0-8D11-00A0C91BC942}") = "INSAWrapper", "INSAWrapper\INSAWrapper.vcxproj", "{0D427F1F-3E94-4FBE-BD99-3BADAB15CB5F}"
	ProjectSection(ProjectDependencies) = postProject
		{97CACB1A-F808-4A30-930C-6B42B56B5998} = {97CACB1A-F808-4A30-930C-6B42B56B5998}
	EndProjectSection
EndProject
Project("{FAE04EC0-301F-11D3-BF4B-00C04F79EFBC}") = "UI", "UI\UI.csproj", "{9C054967-11B5-4658-83D1-67E89833FA1C}"
	ProjectSection(ProjectDependencies) = postProject
		{0D427F1F-3E94-4FBE-BD99-3BADAB15CB5F} = {0D427F1F-3E94-4FBE-BD99-3BADAB15CB5F}
	EndProjectSection
EndProject
Project("{FAE04EC0-301F-11D3-BF4B-00C04F79EFBC}") = "INSATest", "INSATest\INSATest.csproj", "{4BC65F61-AED7-4058-9C8B-01CE84C79B00}"
EndProject
Global
	GlobalSection(SolutionConfigurationPlatforms) = preSolution
		Debug|Any CPU = Debug|Any CPU
		Debug|Mixed Platforms = Debug|Mixed Platforms
		Debug|Win32 = Debug|Win32
		Debug|x86 = Debug|x86
		Release|Any CPU = Release|Any CPU
		Release|Mixed Platforms = Release|Mixed Platforms
		Release|Win32 = Release|Win32
		Release|x86 = Release|x86
	EndGlobalSection
	GlobalSection(ProjectConfigurationPlatforms) = postSolution
		{760BFA8F-5773-417B-B9C0-00951B4085FD}.Debug|Any CPU.ActiveCfg = Debug|x86
		{760BFA8F-5773-417B-B9C0-00951B4085FD}.Debug|Mixed Platforms.ActiveCfg = Debug|x86
		{760BFA8F-5773-417B-B9C0-00951B4085FD}.Debug|Mixed Platforms.Build.0 = Debug|x86
		{760BFA8F-5773-417B-B9C0-00951B4085FD}.Debug|Win32.ActiveCfg = Debug|x86
		{760BFA8F-5773-417B-B9C0-00951B4085FD}.Debug|Win32.Build.0 = Debug|x86
		{760BFA8F-5773-417B-B9C0-00951B4085FD}.Debug|x86.ActiveCfg = Debug|x86
		{760BFA8F-5773-417B-B9C0-00951B4085FD}.Debug|x86.Build.0 = Debug|x86
		{760BFA8F-5773-417B-B9C0-00951B4085FD}.Release|Any CPU.ActiveCfg = Release|x86
		{760BFA8F-5773-417B-B9C0-00951B4085FD}.Release|Mixed Platforms.ActiveCfg = Release|x86
		{760BFA8F-5773-417B-B9C0-00951B4085FD}.Release|Mixed Platforms.Build.0 = Release|x86
		{760BFA8F-5773-417B-B9C0-00951B4085FD}.Release|Win32.ActiveCfg = Release|x86
		{760BFA8F-5773-417B-B9C0-00951B4085FD}.Release|Win32.Build.0 = Release|x86
		{760BFA8F-5773-417B-B9C0-00951B4085FD}.Release|x86.ActiveCfg = Release|x86
		{760BFA8F-5773-417B-B9C0-00951B4085FD}.Release|x86.Build.0 = Release|x86
		{14ADFFA2-B173-4697-BA73-5D2DD32A7E75}.Debug|Any CPU.ActiveCfg = Debug|Any CPU
		{14ADFFA2-B173-4697-BA73-5D2DD32A7E75}.Debug|Any CPU.Build.0 = Debug|Any CPU
		{14ADFFA2-B173-4697-BA73-5D2DD32A7E75}.Debug|Mixed Platforms.ActiveCfg = Debug|Any CPU
		{14ADFFA2-B173-4697-BA73-5D2DD32A7E75}.Debug|Mixed Platforms.Build.0 = Debug|Any CPU
		{14ADFFA2-B173-4697-BA73-5D2DD32A7E75}.Debug|Win32.ActiveCfg = Debug|Any CPU
		{14ADFFA2-B173-4697-BA73-5D2DD32A7E75}.Debug|x86.ActiveCfg = Debug|Any CPU
		{14ADFFA2-B173-4697-BA73-5D2DD32A7E75}.Debug|x86.Build.0 = Debug|Any CPU
		{14ADFFA2-B173-4697-BA73-5D2DD32A7E75}.Release|Any CPU.ActiveCfg = Release|Any CPU
		{14ADFFA2-B173-4697-BA73-5D2DD32A7E75}.Release|Any CPU.Build.0 = Release|Any CPU
		{14ADFFA2-B173-4697-BA73-5D2DD32A7E75}.Release|Mixed Platforms.ActiveCfg = Release|Any CPU
		{14ADFFA2-B173-4697-BA73-5D2DD32A7E75}.Release|Mixed Platforms.Build.0 = Release|Any CPU
		{14ADFFA2-B173-4697-BA73-5D2DD32A7E75}.Release|Win32.ActiveCfg = Release|Any CPU
		{14ADFFA2-B173-4697-BA73-5D2DD32A7E75}.Release|x86.ActiveCfg = Release|Any CPU
		{97CACB1A-F808-4A30-930C-6B42B56B5998}.Debug|Any CPU.ActiveCfg = Debug|Win32
		{97CACB1A-F808-4A30-930C-6B42B56B5998}.Debug|Mixed Platforms.ActiveCfg = Debug|Win32
		{97CACB1A-F808-4A30-930C-6B42B56B5998}.Debug|Mixed Platforms.Build.0 = Debug|Win32
		{97CACB1A-F808-4A30-930C-6B42B56B5998}.Debug|Win32.ActiveCfg = Debug|Win32
		{97CACB1A-F808-4A30-930C-6B42B56B5998}.Debug|Win32.Build.0 = Debug|Win32
		{97CACB1A-F808-4A30-930C-6B42B56B5998}.Debug|x86.ActiveCfg = Debug|Win32
		{97CACB1A-F808-4A30-930C-6B42B56B5998}.Debug|x86.Build.0 = Debug|Win32
		{97CACB1A-F808-4A30-930C-6B42B56B5998}.Release|Any CPU.ActiveCfg = Release|Win32
		{97CACB1A-F808-4A30-930C-6B42B56B5998}.Release|Mixed Platforms.ActiveCfg = Release|Win32
		{97CACB1A-F808-4A30-930C-6B42B56B5998}.Release|Mixed Platforms.Build.0 = Release|Win32
		{97CACB1A-F808-4A30-930C-6B42B56B5998}.Release|Win32.ActiveCfg = Release|Win32
		{97CACB1A-F808-4A30-930C-6B42B56B5998}.Release|Win32.Build.0 = Release|Win32
		{97CACB1A-F808-4A30-930C-6B42B56B5998}.Release|x86.ActiveCfg = Release|Win32
		{97CACB1A-F808-4A30-930C-6B42B56B5998}.Release|x86.Build.0 = Release|Win32
		{0D427F1F-3E94-4FBE-BD99-3BADAB15CB5F}.Debug|Any CPU.ActiveCfg = Debug|Win32
		{0D427F1F-3E94-4FBE-BD99-3BADAB15CB5F}.Debug|Mixed Platforms.ActiveCfg = Debug|Win32
		{0D427F1F-3E94-4FBE-BD99-3BADAB15CB5F}.Debug|Mixed Platforms.Build.0 = Debug|Win32
		{0D427F1F-3E94-4FBE-BD99-3BADAB15CB5F}.Debug|Win32.ActiveCfg = Debug|Win32
		{0D427F1F-3E94-4FBE-BD99-3BADAB15CB5F}.Debug|Win32.Build.0 = Debug|Win32
		{0D427F1F-3E94-4FBE-BD99-3BADAB15CB5F}.Debug|x86.ActiveCfg = Debug|Win32
		{0D427F1F-3E94-4FBE-BD99-3BADAB15CB5F}.Debug|x86.Build.0 = Debug|Win32
		{0D427F1F-3E94-4FBE-BD99-3BADAB15CB5F}.Release|Any CPU.ActiveCfg = Release|Win32
		{0D427F1F-3E94-4FBE-BD99-3BADAB15CB5F}.Release|Mixed Platforms.ActiveCfg = Release|Win32
		{0D427F1F-3E94-4FBE-BD99-3BADAB15CB5F}.Release|Mixed Platforms.Build.0 = Release|Win32
		{0D427F1F-3E94-4FBE-BD99-3BADAB15CB5F}.Release|Win32.ActiveCfg = Release|Win32
		{0D427F1F-3E94-4FBE-BD99-3BADAB15CB5F}.Release|Win32.Build.0 = Release|Win32
		{0D427F1F-3E94-4FBE-BD99-3BADAB15CB5F}.Release|x86.ActiveCfg = Release|Win32
		{0D427F1F-3E94-4FBE-BD99-3BADAB15CB5F}.Release|x86.Build.0 = Release|Win32
		{9C054967-11B5-4658-83D1-67E89833FA1C}.Debug|Any CPU.ActiveCfg = Debug|Any CPU
		{9C054967-11B5-4658-83D1-67E89833FA1C}.Debug|Any CPU.Build.0 = Debug|Any CPU
		{9C054967-11B5-4658-83D1-67E89833FA1C}.Debug|Mixed Platforms.ActiveCfg = Debug|Any CPU
		{9C054967-11B5-4658-83D1-67E89833FA1C}.Debug|Mixed Platforms.Build.0 = Debug|Any CPU
		{9C054967-11B5-4658-83D1-67E89833FA1C}.Debug|Win32.ActiveCfg = Debug|Any CPU
		{9C054967-11B5-4658-83D1-67E89833FA1C}.Debug|Win32.Build.0 = Debug|Any CPU
		{9C054967-11B5-4658-83D1-67E89833FA1C}.Debug|x86.ActiveCfg = Debug|Any CPU
		{9C054967-11B5-4658-83D1-67E89833FA1C}.Debug|x86.Build.0 = Debug|Any CPU
		{9C054967-11B5-4658-83D1-67E89833FA1C}.Release|Any CPU.ActiveCfg = Release|Any CPU
		{9C054967-11B5-4658-83D1-67E89833FA1C}.Release|Any CPU.Build.0 = Release|Any CPU
		{9C054967-11B5-4658-83D1-67E89833FA1C}.Release|Mixed Platforms.ActiveCfg = Release|Any CPU
		{9C054967-11B5-4658-83D1-67E89833FA1C}.Release|Mixed Platforms.Build.0 = Release|Any CPU
		{9C054967-11B5-4658-83D1-67E89833FA1C}.Release|Win32.ActiveCfg = Release|Any CPU
		{9C054967-11B5-4658-83D1-67E89833FA1C}.Release|x86.ActiveCfg = Release|Any CPU
		{4BC65F61-AED7-4058-9C8B-01CE84C79B00}.Debug|Any CPU.ActiveCfg = Debug|Any CPU
		{4BC65F61-AED7-4058-9C8B-01CE84C79B00}.Debug|Any CPU.Build.0 = Debug|Any CPU
		{4BC65F61-AED7-4058-9C8B-01CE84C79B00}.Debug|Mixed Platforms.ActiveCfg = Debug|Any CPU
		{4BC65F61-AED7-4058-9C8B-01CE84C79B00}.Debug|Mixed Platforms.Build.0 = Debug|Any CPU
		{4BC65F61-AED7-4058-9C8B-01CE84C79B00}.Debug|Win32.ActiveCfg = Debug|Any CPU
		{4BC65F61-AED7-4058-9C8B-01CE84C79B00}.Debug|Win32.Build.0 = Debug|Any CPU
		{4BC65F61-AED7-4058-9C8B-01CE84C79B00}.Debug|x86.ActiveCfg = Debug|Any CPU
		{4BC65F61-AED7-4058-9C8B-01CE84C79B00}.Release|Any CPU.ActiveCfg = Release|Any CPU
		{4BC65F61-AED7-4058-9C8B-01CE84C79B00}.Release|Any CPU.Build.0 = Release|Any CPU
		{4BC65F61-AED7-4058-9C8B-01CE84C79B00}.Release|Mixed Platforms.ActiveCfg = Release|Any CPU
		{4BC65F61-AED7-4058-9C8B-01CE84C79B00}.Release|Mixed Platforms.Build.0 = Release|Any CPU
		{4BC65F61-AED7-4058-9C8B-01CE84C79B00}.Release|Win32.ActiveCfg = Release|Any CPU
		{4BC65F61-AED7-4058-9C8B-01CE84C79B00}.Release|x86.ActiveCfg = Release|Any CPU
	EndGlobalSection
	GlobalSection(SolutionProperties) = preSolution
		HideSolutionNode = FALSE
	EndGlobalSection
EndGlobal
